
Microsoft Visual Studio Solution File, Format Version 12.00
# Visual Studio Version 17
VisualStudioVersion = 17.8.34408.163
MinimumVisualStudioVersion = 10.0.40219.1
Project("{FAE04EC0-301F-11D3-BF4B-00C04F79EFBC}") = "MODUL4_1302223045", "MODUL4_1302223045\MODUL4_1302223045.csproj", "{F4AC8E31-7652-46F3-AF9A-60CAE9B3AD16}"
EndProject
Global
	GlobalSection(SolutionConfigurationPlatforms) = preSolution
		Debug|Any CPU = Debug|Any CPU
		Release|Any CPU = Release|Any CPU
	EndGlobalSection
	GlobalSection(ProjectConfigurationPlatforms) = postSolution
		{F4AC8E31-7652-46F3-AF9A-60CAE9B3AD16}.Debug|Any CPU.ActiveCfg = Debug|Any CPU
		{F4AC8E31-7652-46F3-AF9A-60CAE9B3AD16}.Debug|Any CPU.Build.0 = Debug|Any CPU
		{F4AC8E31-7652-46F3-AF9A-60CAE9B3AD16}.Release|Any CPU.ActiveCfg = Release|Any CPU
		{F4AC8E31-7652-46F3-AF9A-60CAE9B3AD16}.Release|Any CPU.Build.0 = Release|Any CPU
	EndGlobalSection
	GlobalSection(SolutionProperties) = preSolution
		HideSolutionNode = FALSE
	EndGlobalSection
	GlobalSection(ExtensibilityGlobals) = postSolution
		SolutionGuid = {6E24E90A-AF06-4A47-94A2-EAE9BAB3656E}
	EndGlobalSection
EndGlobal
